{
  "name": "Hackathon",
  "lockfileVersion": 2,
  "requires": true,
  "packages": {
    "": {
      "dependencies": {
        "linkedin-js": "^0.1.4"
      }
    },
    "node_modules/linkedin-js": {
      "version": "0.1.4",
      "resolved": "https://registry.npmjs.org/linkedin-js/-/linkedin-js-0.1.4.tgz",
      "integrity": "sha512-zOM3VxM3szRQvaom4SMVGsDZDQQyaBAwl/INpwPu8fzMdxoTi7GRn3aH/H/qxpBb6X1xS8CKGWel2wfSnvHG2Q==",
      "dependencies": {
        "oauth": "0.9.0"
      },
      "engines": {
        "node": ">= 0.2.0"
      }
    },
    "node_modules/oauth": {
      "version": "0.9.0",
      "resolved": "https://registry.npmjs.org/oauth/-/oauth-0.9.0.tgz",
      "integrity": "sha512-ou2iM7jGWastBnHObKmcyUQdkquGmQ7i9jlrWFcWPH8R7HSP21b//rzQTeIOwz5AiWV2QdUVOJe630lr0w4/MQ==",
      "engines": {
        "node": "*"
      }
    }
  },
  "dependencies": {
    "linkedin-js": {
      "version": "0.1.4",
      "resolved": "https://registry.npmjs.org/linkedin-js/-/linkedin-js-0.1.4.tgz",
      "integrity": "sha512-zOM3VxM3szRQvaom4SMVGsDZDQQyaBAwl/INpwPu8fzMdxoTi7GRn3aH/H/qxpBb6X1xS8CKGWel2wfSnvHG2Q==",
      "requires": {
        "oauth": "0.9.0"
      }
    },
    "oauth": {
      "version": "0.9.0",
      "resolved": "https://registry.npmjs.org/oauth/-/oauth-0.9.0.tgz",
      "integrity": "sha512-ou2iM7jGWastBnHObKmcyUQdkquGmQ7i9jlrWFcWPH8R7HSP21b//rzQTeIOwz5AiWV2QdUVOJe630lr0w4/MQ=="
    }
  }
}
